
Microsoft Visual Studio Solution File, Format Version 12.00
# Visual Studio 15
VisualStudioVersion = 15.0.28307.1321
MinimumVisualStudioVersion = 10.0.40219.1
Project("{FAE04EC0-301F-11D3-BF4B-00C04F79EFBC}") = "SalesWebMVC", "SalesWebMVC\SalesWebMVC.csproj", "{8DBBDCAD-94A6-4CBA-8A8C-74FE9B9FE20F}"
EndProject
Global
	GlobalSection(SolutionConfigurationPlatforms) = preSolution
		Debug|Any CPU = Debug|Any CPU
		Release|Any CPU = Release|Any CPU
	EndGlobalSection
	GlobalSection(ProjectConfigurationPlatforms) = postSolution
		{8DBBDCAD-94A6-4CBA-8A8C-74FE9B9FE20F}.Debug|Any CPU.ActiveCfg = Debug|Any CPU
		{8DBBDCAD-94A6-4CBA-8A8C-74FE9B9FE20F}.Debug|Any CPU.Build.0 = Debug|Any CPU
		{8DBBDCAD-94A6-4CBA-8A8C-74FE9B9FE20F}.Release|Any CPU.ActiveCfg = Release|Any CPU
		{8DBBDCAD-94A6-4CBA-8A8C-74FE9B9FE20F}.Release|Any CPU.Build.0 = Release|Any CPU
	EndGlobalSection
	GlobalSection(SolutionProperties) = preSolution
		HideSolutionNode = FALSE
	EndGlobalSection
	GlobalSection(ExtensibilityGlobals) = postSolution
		SolutionGuid = {5B3B8D5C-3876-45BB-AE1E-0DAE2B851659}
	EndGlobalSection
EndGlobal
